
Microsoft Visual Studio Solution File, Format Version 12.00
# Visual Studio 15
VisualStudioVersion = 15.0.27408.1
MinimumVisualStudioVersion = 10.0.40219.1
Project("{FAE04EC0-301F-11D3-BF4B-00C04F79EFBC}") = "WebApp1", "WebApp1\WebApp1.csproj", "{BDBBCBC0-62FB-4811-948D-BD79B8424678}"
EndProject
Project("{FAE04EC0-301F-11D3-BF4B-00C04F79EFBC}") = "WebApp1.Tests", "WebApp1.Tests\WebApp1.Tests.csproj", "{7B43A5B8-0B60-485D-BE37-230E45A72396}"
EndProject
Project("{FAE04EC0-301F-11D3-BF4B-00C04F79EFBC}") = "WebAPI", "WebAPI\WebAPI.csproj", "{36429E31-BFBE-4897-A87E-4FD932814B52}"
EndProject
Project("{FAE04EC0-301F-11D3-BF4B-00C04F79EFBC}") = "WebAPI.Tests", "WebAPI.Tests\WebAPI.Tests.csproj", "{C9F9A25E-1F29-4851-9FB3-8A026DCC8B70}"
EndProject
Global
	GlobalSection(SolutionConfigurationPlatforms) = preSolution
		Debug|Any CPU = Debug|Any CPU
		Release|Any CPU = Release|Any CPU
	EndGlobalSection
	GlobalSection(ProjectConfigurationPlatforms) = postSolution
		{BDBBCBC0-62FB-4811-948D-BD79B8424678}.Debug|Any CPU.ActiveCfg = Debug|Any CPU
		{BDBBCBC0-62FB-4811-948D-BD79B8424678}.Debug|Any CPU.Build.0 = Debug|Any CPU
		{BDBBCBC0-62FB-4811-948D-BD79B8424678}.Release|Any CPU.ActiveCfg = Release|Any CPU
		{BDBBCBC0-62FB-4811-948D-BD79B8424678}.Release|Any CPU.Build.0 = Release|Any CPU
		{7B43A5B8-0B60-485D-BE37-230E45A72396}.Debug|Any CPU.ActiveCfg = Debug|Any CPU
		{7B43A5B8-0B60-485D-BE37-230E45A72396}.Debug|Any CPU.Build.0 = Debug|Any CPU
		{7B43A5B8-0B60-485D-BE37-230E45A72396}.Release|Any CPU.ActiveCfg = Release|Any CPU
		{7B43A5B8-0B60-485D-BE37-230E45A72396}.Release|Any CPU.Build.0 = Release|Any CPU
		{36429E31-BFBE-4897-A87E-4FD932814B52}.Debug|Any CPU.ActiveCfg = Debug|Any CPU
		{36429E31-BFBE-4897-A87E-4FD932814B52}.Debug|Any CPU.Build.0 = Debug|Any CPU
		{36429E31-BFBE-4897-A87E-4FD932814B52}.Release|Any CPU.ActiveCfg = Release|Any CPU
		{36429E31-BFBE-4897-A87E-4FD932814B52}.Release|Any CPU.Build.0 = Release|Any CPU
		{C9F9A25E-1F29-4851-9FB3-8A026DCC8B70}.Debug|Any CPU.ActiveCfg = Debug|Any CPU
		{C9F9A25E-1F29-4851-9FB3-8A026DCC8B70}.Debug|Any CPU.Build.0 = Debug|Any CPU
		{C9F9A25E-1F29-4851-9FB3-8A026DCC8B70}.Release|Any CPU.ActiveCfg = Release|Any CPU
		{C9F9A25E-1F29-4851-9FB3-8A026DCC8B70}.Release|Any CPU.Build.0 = Release|Any CPU
	EndGlobalSection
	GlobalSection(SolutionProperties) = preSolution
		HideSolutionNode = FALSE
	EndGlobalSection
	GlobalSection(ExtensibilityGlobals) = postSolution
		SolutionGuid = {AA82D6F7-0BD5-4FFD-8D05-FB782A0A1A42}
	EndGlobalSection
EndGlobal
